{
  "version": 4,
  "terraform_version": "0.14.4",
  "serial": 45,
  "lineage": "ad99a57f-49cf-50ae-fa0e-c3af14bc7748",
  "outputs": {},
  "resources": [
    {
      "mode": "managed",
      "type": "azurerm_availability_set",
      "name": "main",
      "provider": "provider[\"registry.terraform.io/hashicorp/azurerm\"]",
      "instances": [
        {
          "schema_version": 0,
          "attributes": {
            "id": "/subscriptions/e1b9dc3d-d767-4329-887b-85b9424a7d8b/resourceGroups/udacity-azure-webserver-rg/providers/Microsoft.Compute/availabilitySets/udacity-azure-webserver-aset",
            "location": "uksouth",
            "managed": true,
            "name": "udacity-azure-webserver-aset",
            "platform_fault_domain_count": 2,
            "platform_update_domain_count": 2,
            "proximity_placement_group_id": null,
            "resource_group_name": "udacity-azure-webserver-rg",
            "tags": {
              "infrastructure": "project-1"
            },
            "timeouts": null
          },
          "sensitive_attributes": [],
          "private": "eyJlMmJmYjczMC1lY2FhLTExZTYtOGY4OC0zNDM2M2JjN2M0YzAiOnsiY3JlYXRlIjoxODAwMDAwMDAwMDAwLCJkZWxldGUiOjE4MDAwMDAwMDAwMDAsInJlYWQiOjMwMDAwMDAwMDAwMCwidXBkYXRlIjoxODAwMDAwMDAwMDAwfX0=",
          "dependencies": [
            "azurerm_resource_group.main"
          ]
        }
      ]
    },
    {
      "mode": "managed",
      "type": "azurerm_lb",
      "name": "main",
      "provider": "provider[\"registry.terraform.io/hashicorp/azurerm\"]",
      "instances": [
        {
          "schema_version": 0,
          "attributes": {
            "frontend_ip_configuration": [
              {
                "id": "/subscriptions/e1b9dc3d-d767-4329-887b-85b9424a7d8b/resourceGroups/udacity-azure-webserver-rg/providers/Microsoft.Network/loadBalancers/udacity-azure-webserver-lb/frontendIPConfigurations/PublicIPAddress",
                "inbound_nat_rules": [],
                "load_balancer_rules": [],
                "name": "PublicIPAddress",
                "outbound_rules": [],
                "private_ip_address": "",
                "private_ip_address_allocation": "Dynamic",
                "private_ip_address_version": "IPv4",
                "public_ip_address_id": "/subscriptions/e1b9dc3d-d767-4329-887b-85b9424a7d8b/resourceGroups/udacity-azure-webserver-rg/providers/Microsoft.Network/publicIPAddresses/udacity-azure-webserver-vm-ip",
                "public_ip_prefix_id": "",
                "subnet_id": "",
                "zones": []
              }
            ],
            "id": "/subscriptions/e1b9dc3d-d767-4329-887b-85b9424a7d8b/resourceGroups/udacity-azure-webserver-rg/providers/Microsoft.Network/loadBalancers/udacity-azure-webserver-lb",
            "location": "uksouth",
            "name": "udacity-azure-webserver-lb",
            "private_ip_address": "",
            "private_ip_addresses": [],
            "resource_group_name": "udacity-azure-webserver-rg",
            "sku": "Basic",
            "tags": {},
            "timeouts": null
          },
          "sensitive_attributes": [],
          "private": "eyJlMmJmYjczMC1lY2FhLTExZTYtOGY4OC0zNDM2M2JjN2M0YzAiOnsiY3JlYXRlIjoxODAwMDAwMDAwMDAwLCJkZWxldGUiOjE4MDAwMDAwMDAwMDAsInJlYWQiOjMwMDAwMDAwMDAwMCwidXBkYXRlIjoxODAwMDAwMDAwMDAwfX0=",
          "dependencies": [
            "azurerm_public_ip.main",
            "azurerm_resource_group.main"
          ]
        }
      ]
    },
    {
      "mode": "managed",
      "type": "azurerm_lb_backend_address_pool",
      "name": "main",
      "provider": "provider[\"registry.terraform.io/hashicorp/azurerm\"]",
      "instances": [
        {
          "schema_version": 0,
          "attributes": {
            "backend_ip_configurations": [],
            "id": "/subscriptions/e1b9dc3d-d767-4329-887b-85b9424a7d8b/resourceGroups/udacity-azure-webserver-rg/providers/Microsoft.Network/loadBalancers/udacity-azure-webserver-lb/backendAddressPools/BackEndAddressPool",
            "load_balancing_rules": [],
            "loadbalancer_id": "/subscriptions/e1b9dc3d-d767-4329-887b-85b9424a7d8b/resourceGroups/udacity-azure-webserver-rg/providers/Microsoft.Network/loadBalancers/udacity-azure-webserver-lb",
            "name": "BackEndAddressPool",
            "resource_group_name": "udacity-azure-webserver-rg",
            "timeouts": null
          },
          "sensitive_attributes": [],
          "private": "eyJlMmJmYjczMC1lY2FhLTExZTYtOGY4OC0zNDM2M2JjN2M0YzAiOnsiY3JlYXRlIjoxODAwMDAwMDAwMDAwLCJkZWxldGUiOjE4MDAwMDAwMDAwMDAsInJlYWQiOjMwMDAwMDAwMDAwMCwidXBkYXRlIjoxODAwMDAwMDAwMDAwfX0=",
          "dependencies": [
            "azurerm_lb.main",
            "azurerm_public_ip.main",
            "azurerm_resource_group.main"
          ]
        }
      ]
    },
    {
      "mode": "managed",
      "type": "azurerm_linux_virtual_machine",
      "name": "main",
      "provider": "provider[\"registry.terraform.io/hashicorp/azurerm\"]",
      "instances": []
    },
    {
      "mode": "managed",
      "type": "azurerm_public_ip",
      "name": "main",
      "provider": "provider[\"registry.terraform.io/hashicorp/azurerm\"]",
      "instances": [
        {
          "schema_version": 0,
          "attributes": {
            "allocation_method": "Static",
            "domain_name_label": null,
            "fqdn": null,
            "id": "/subscriptions/e1b9dc3d-d767-4329-887b-85b9424a7d8b/resourceGroups/udacity-azure-webserver-rg/providers/Microsoft.Network/publicIPAddresses/udacity-azure-webserver-vm-ip",
            "idle_timeout_in_minutes": 4,
            "ip_address": "51.145.96.198",
            "ip_version": "IPv4",
            "location": "uksouth",
            "name": "udacity-azure-webserver-vm-ip",
            "public_ip_prefix_id": null,
            "resource_group_name": "udacity-azure-webserver-rg",
            "reverse_fqdn": null,
            "sku": "Basic",
            "tags": {
              "infrastructure": "project-1"
            },
            "timeouts": null,
            "zones": []
          },
          "sensitive_attributes": [],
          "private": "eyJlMmJmYjczMC1lY2FhLTExZTYtOGY4OC0zNDM2M2JjN2M0YzAiOnsiY3JlYXRlIjoxODAwMDAwMDAwMDAwLCJkZWxldGUiOjE4MDAwMDAwMDAwMDAsInJlYWQiOjMwMDAwMDAwMDAwMCwidXBkYXRlIjoxODAwMDAwMDAwMDAwfX0=",
          "dependencies": [
            "azurerm_resource_group.main"
          ]
        }
      ]
    },
    {
      "mode": "managed",
      "type": "azurerm_resource_group",
      "name": "main",
      "provider": "provider[\"registry.terraform.io/hashicorp/azurerm\"]",
      "instances": [
        {
          "schema_version": 0,
          "attributes": {
            "id": "/subscriptions/e1b9dc3d-d767-4329-887b-85b9424a7d8b/resourceGroups/udacity-azure-webserver-rg",
            "location": "uksouth",
            "name": "udacity-azure-webserver-rg",
            "tags": {
              "infrastructure": "project-1"
            },
            "timeouts": null
          },
          "sensitive_attributes": [],
          "private": "eyJlMmJmYjczMC1lY2FhLTExZTYtOGY4OC0zNDM2M2JjN2M0YzAiOnsiY3JlYXRlIjo1NDAwMDAwMDAwMDAwLCJkZWxldGUiOjU0MDAwMDAwMDAwMDAsInJlYWQiOjMwMDAwMDAwMDAwMCwidXBkYXRlIjo1NDAwMDAwMDAwMDAwfX0="
        }
      ]
    },
    {
      "mode": "managed",
      "type": "azurerm_subnet",
      "name": "main",
      "provider": "provider[\"registry.terraform.io/hashicorp/azurerm\"]",
      "instances": [
        {
          "schema_version": 0,
          "attributes": {
            "address_prefix": "10.1.0.0/24",
            "address_prefixes": [
              "10.1.0.0/24"
            ],
            "delegation": [],
            "enforce_private_link_endpoint_network_policies": false,
            "enforce_private_link_service_network_policies": false,
            "id": "/subscriptions/e1b9dc3d-d767-4329-887b-85b9424a7d8b/resourceGroups/udacity-azure-webserver-rg/providers/Microsoft.Network/virtualNetworks/udacity-azure-webserver-network/subnets/udacity-azure-webserver-subnet",
            "name": "udacity-azure-webserver-subnet",
            "resource_group_name": "udacity-azure-webserver-rg",
            "service_endpoint_policy_ids": [],
            "service_endpoints": [],
            "timeouts": null,
            "virtual_network_name": "udacity-azure-webserver-network"
          },
          "sensitive_attributes": [],
          "private": "eyJlMmJmYjczMC1lY2FhLTExZTYtOGY4OC0zNDM2M2JjN2M0YzAiOnsiY3JlYXRlIjoxODAwMDAwMDAwMDAwLCJkZWxldGUiOjE4MDAwMDAwMDAwMDAsInJlYWQiOjMwMDAwMDAwMDAwMCwidXBkYXRlIjoxODAwMDAwMDAwMDAwfX0=",
          "dependencies": [
            "azurerm_resource_group.main",
            "azurerm_virtual_network.main"
          ]
        }
      ]
    },
    {
      "mode": "managed",
      "type": "azurerm_virtual_network",
      "name": "main",
      "provider": "provider[\"registry.terraform.io/hashicorp/azurerm\"]",
      "instances": [
        {
          "schema_version": 0,
          "attributes": {
            "address_space": [
              "10.1.0.0/16"
            ],
            "bgp_community": "",
            "ddos_protection_plan": [],
            "dns_servers": [],
            "guid": "1af4fe06-f807-4822-b268-b7f20238004e",
            "id": "/subscriptions/e1b9dc3d-d767-4329-887b-85b9424a7d8b/resourceGroups/udacity-azure-webserver-rg/providers/Microsoft.Network/virtualNetworks/udacity-azure-webserver-network",
            "location": "uksouth",
            "name": "udacity-azure-webserver-network",
            "resource_group_name": "udacity-azure-webserver-rg",
            "subnet": [
              {
                "address_prefix": "10.1.0.0/24",
                "id": "/subscriptions/e1b9dc3d-d767-4329-887b-85b9424a7d8b/resourceGroups/udacity-azure-webserver-rg/providers/Microsoft.Network/virtualNetworks/udacity-azure-webserver-network/subnets/udacity-azure-webserver-subnet",
                "name": "udacity-azure-webserver-subnet",
                "security_group": ""
              }
            ],
            "tags": {
              "infrastructure": "project-1"
            },
            "timeouts": null,
            "vm_protection_enabled": false
          },
          "sensitive_attributes": [],
          "private": "eyJlMmJmYjczMC1lY2FhLTExZTYtOGY4OC0zNDM2M2JjN2M0YzAiOnsiY3JlYXRlIjoxODAwMDAwMDAwMDAwLCJkZWxldGUiOjE4MDAwMDAwMDAwMDAsInJlYWQiOjMwMDAwMDAwMDAwMCwidXBkYXRlIjoxODAwMDAwMDAwMDAwfX0=",
          "dependencies": [
            "azurerm_resource_group.main"
          ]
        }
      ]
    }
  ]
}
